# THIS IS AN AUTOGENERATED FILE. DO NOT EDIT THIS FILE DIRECTLY.
# yarn lockfile v1


photoswipe@^5.3.7:
  version "5.3.7"
  resolved "https://registry.yarnpkg.com/photoswipe/-/photoswipe-5.3.7.tgz#c67df67aaddb5705bcf8ff265bd2086f57805756"
  integrity sha512-zsyLsTTLFrj0XR1m4/hO7qNooboFKUrDy+Zt5i2d6qjFPAtBjzaj/Xtydso4uxzcXpcqbTmyxDibb3BcSISseg==
