# THIS IS AN AUTOGENERATED FILE. DO NOT EDIT THIS FILE DIRECTLY.
# yarn lockfile v1


ssr-window@^4.0.2:
  version "4.0.2"
  resolved "https://registry.yarnpkg.com/ssr-window/-/ssr-window-4.0.2.tgz#dc6b3ee37be86ac0e3ddc60030f7b3bc9b8553be"
  integrity sha512-ISv/Ch+ig7SOtw7G2+qkwfVASzazUnvlDTwypdLoPoySv+6MqlOV10VwPSE6EWkGjhW50lUmghPmpYZXMu/+AQ==

swiper@^9.2.0:
  version "9.2.0"
  resolved "https://registry.yarnpkg.com/swiper/-/swiper-9.2.0.tgz#40e950b1c0d516403b3bf7083560ebac22a6f325"
  integrity sha512-lWK9toYumUQss+YuTL+Mt0+8twiMJEyzioER4bbS4rrGHlkeLrDM8uhtAmnpdijELrNscuNUujDgKoMQZfQGlQ==
  dependencies:
    ssr-window "^4.0.2"
